// !$*UTF8*$!
{
	archiveVersion = 1;
	classes = {
	};
	objectVersion = 46;
	objects = {

/* Begin PBXBuildFile section */
		D110D84E1D6AF35600E265DE /* main.m in Sources */ = {isa = PBXBuildFile; fileRef = D110D84D1D6AF35600E265DE /* main.m */; };
		D110D8511D6AF35600E265DE /* AppDelegate.m in Sources */ = {isa = PBXBuildFile; fileRef = D110D8501D6AF35600E265DE /* AppDelegate.m */; };
		D110D8541D6AF35600E265DE /* ViewController.m in Sources */ = {isa = PBXBuildFile; fileRef = D110D8531D6AF35600E265DE /* ViewController.m */; };
		D110D8571D6AF35600E265DE /* Main.storyboard in Resources */ = {isa = PBXBuildFile; fileRef = D110D8551D6AF35600E265DE /* Main.storyboard */; };
		D110D8591D6AF35600E265DE /* Assets.xcassets in Resources */ = {isa = PBXBuildFile; fileRef = D110D8581D6AF35600E265DE /* Assets.xcassets */; };
		D110D85C1D6AF35600E265DE /* LaunchScreen.storyboard in Resources */ = {isa = PBXBuildFile; fileRef = D110D85A1D6AF35600E265DE /* LaunchScreen.storyboard */; };
		D110D8661D6AF38500E265DE /* ZYCheckBox.m in Sources */ = {isa = PBXBuildFile; fileRef = D110D8651D6AF38500E265DE /* ZYCheckBox.m */; };
/* End PBXBuildFile section */

/* Begin PBXFileReference section */
		D110D8491D6AF35600E265DE /* ZYCheckBoxDemo.app */ = {isa = PBXFileReference; explicitFileType = wrapper.application; includeInIndex = 0; path = ZYCheckBoxDemo.app; sourceTree = BUILT_PRODUCTS_DIR; };
		D110D84D1D6AF35600E265DE /* main.m */ = {isa = PBXFileReference; lastKnownFileType = sourcecode.c.objc; path = main.m; sourceTree = "<group>"; };
		D110D84F1D6AF35600E265DE /* AppDelegate.h */ = {isa = PBXFileReference; lastKnownFileType = sourcecode.c.h; path = AppDelegate.h; sourceTree = "<group>"; };
		D110D8501D6AF35600E265DE /* AppDelegate.m */ = {isa = PBXFileReference; lastKnownFileType = sourcecode.c.objc; path = AppDelegate.m; sourceTree = "<group>"; };
		D110D8521D6AF35600E265DE /* ViewController.h */ = {isa = PBXFileReference; lastKnownFileType = sourcecode.c.h; path = ViewController.h; sourceTree = "<group>"; };
		D110D8531D6AF35600E265DE /* ViewController.m */ = {isa = PBXFileReference; lastKnownFileType = sourcecode.c.objc; path = ViewController.m; sourceTree = "<group>"; };
		D110D8561D6AF35600E265DE /* Base */ = {isa = PBXFileReference; lastKnownFileType = file.storyboard; name = Base; path = Base.lproj/Main.storyboard; sourceTree = "<group>"; };
		D110D8581D6AF35600E265DE /* Assets.xcassets */ = {isa = PBXFileReference; lastKnownFileType = folder.assetcatalog; path = Assets.xcassets; sourceTree = "<group>"; };
		D110D85B1D6AF35600E265DE /* Base */ = {isa = PBXFileReference; lastKnownFileType = file.storyboard; name = Base; path = Base.lproj/LaunchScreen.storyboard; sourceTree = "<group>"; };
		D110D85D1D6AF35600E265DE /* Info.plist */ = {isa = PBXFileReference; lastKnownFileType = text.plist.xml; path = Info.plist; sourceTree = "<group>"; };
		D110D8641D6AF38500E265DE /* ZYCheckBox.h */ = {isa = PBXFileReference; fileEncoding = 4; lastKnownFileType = sourcecode.c.h; path = ZYCheckBox.h; sourceTree = "<group>"; };
		D110D8651D6AF38500E265DE /* ZYCheckBox.m */ = {isa = PBXFileReference; fileEncoding = 4; lastKnownFileType = sourcecode.c.objc; path = ZYCheckBox.m; sourceTree = "<group>"; };
/* End PBXFileReference section */

/* Begin PBXFrameworksBuildPhase section */
		D110D8461D6AF35600E265DE /* Frameworks */ = {
			isa = PBXFrameworksBuildPhase;
			buildActionMask = 2147483647;
			files = (
			);
			runOnlyForDeploymentPostprocessing = 0;
		};
/* End PBXFrameworksBuildPhase section */

/* Begin PBXGroup section */
		D110D8401D6AF35600E265DE = {
			isa = PBXGroup;
			children = (
				D110D84B1D6AF35600E265DE /* ZYCheckBoxDemo */,
				D110D84A1D6AF35600E265DE /* Products */,
			);
			sourceTree = "<group>";
		};
		D110D84A1D6AF35600E265DE /* Products */ = {
			isa = PBXGroup;
			children = (
				D110D8491D6AF35600E265DE /* ZYCheckBoxDemo.app */,
			);
			name = Products;
			sourceTree = "<group>";
		};
		D110D84B1D6AF35600E265DE /* ZYCheckBoxDemo */ = {
			isa = PBXGroup;
			children = (
				D110D8631D6AF38500E265DE /* ZYCheckBox */,
				D110D84F1D6AF35600E265DE /* AppDelegate.h */,
				D110D8501D6AF35600E265DE /* AppDelegate.m */,
				D110D8521D6AF35600E265DE /* ViewController.h */,
				D110D8531D6AF35600E265DE /* ViewController.m */,
				D110D8551D6AF35600E265DE /* Main.storyboard */,
				D110D8581D6AF35600E265DE /* Assets.xcassets */,
				D110D85A1D6AF35600E265DE /* LaunchScreen.storyboard */,
				D110D85D1D6AF35600E265DE /* Info.plist */,
				D110D84C1D6AF35600E265DE /* Supporting Files */,
			);
			path = ZYCheckBoxDemo;
			sourceTree = "<group>";
		};
		D110D84C1D6AF35600E265DE /* Supporting Files */ = {
			isa = PBXGroup;
			children = (
				D110D84D1D6AF35600E265DE /* main.m */,
			);
			name = "Supporting Files";
			sourceTree = "<group>";
		};
		D110D8631D6AF38500E265DE /* ZYCheckBox */ = {
			isa = PBXGroup;
			children = (
				D110D8641D6AF38500E265DE /* ZYCheckBox.h */,
				D110D8651D6AF38500E265DE /* ZYCheckBox.m */,
			);
			path = ZYCheckBox;
			sourceTree = "<group>";
		};
/* End PBXGroup section */

/* Begin PBXNativeTarget section */
		D110D8481D6AF35600E265DE /* ZYCheckBoxDemo */ = {
			isa = PBXNativeTarget;
			buildConfigurationList = D110D8601D6AF35600E265DE /* Build configuration list for PBXNativeTarget "ZYCheckBoxDemo" */;
			buildPhases = (
				D110D8451D6AF35600E265DE /* Sources */,
				D110D8461D6AF35600E265DE /* Frameworks */,
				D110D8471D6AF35600E265DE /* Resources */,
			);
			buildRules = (
			);
			dependencies = (
			);
			name = ZYCheckBoxDemo;
			productName = ZYCheckBoxDemo;
			productReference = D110D8491D6AF35600E265DE /* ZYCheckBoxDemo.app */;
			productType = "com.apple.product-type.application";
		};
/* End PBXNativeTarget section */

/* Begin PBXProject section */
		D110D8411D6AF35600E265DE /* Project object */ = {
			isa = PBXProject;
			attributes = {
				LastUpgradeCheck = 0730;
				ORGANIZATIONNAME = zhiyuanFan;
				TargetAttributes = {
					D110D8481D6AF35600E265DE = {
						CreatedOnToolsVersion = 7.3;
					};
				};
			};
			buildConfigurationList = D110D8441D6AF35600E265DE /* Build configuration list for PBXProject "ZYCheckBoxDemo" */;
			compatibilityVersion = "Xcode 3.2";
			developmentRegion = English;
			hasScannedForEncodings = 0;
			knownRegions = (
				en,
				Base,
			);
			mainGroup = D110D8401D6AF35600E265DE;
			productRefGroup = D110D84A1D6AF35600E265DE /* Products */;
			projectDirPath = "";
			projectRoot = "";
			targets = (
				D110D8481D6AF35600E265DE /* ZYCheckBoxDemo */,
			);
		};
/* End PBXProject section */

/* Begin PBXResourcesBuildPhase section */
		D110D8471D6AF35600E265DE /* Resources */ = {
			isa = PBXResourcesBuildPhase;
			buildActionMask = 2147483647;
			files = (
				D110D85C1D6AF35600E265DE /* LaunchScreen.storyboard in Resources */,
				D110D8591D6AF35600E265DE /* Assets.xcassets in Resources */,
				D110D8571D6AF35600E265DE /* Main.storyboard in Resources */,
			);
			runOnlyForDeploymentPostprocessing = 0;
		};
/* End PBXResourcesBuildPhase section */

/* Begin PBXSourcesBuildPhase section */
		D110D8451D6AF35600E265DE /* Sources */ = {
			isa = PBXSourcesBuildPhase;
			buildActionMask = 2147483647;
			files = (
				D110D8541D6AF35600E265DE /* ViewController.m in Sources */,
				D110D8661D6AF38500E265DE /* ZYCheckBox.m in Sources */,
				D110D8511D6AF35600E265DE /* AppDelegate.m in Sources */,
				D110D84E1D6AF35600E265DE /* main.m in Sources */,
			);
			runOnlyForDeploymentPostprocessing = 0;
		};
/* End PBXSourcesBuildPhase section */

/* Begin PBXVariantGroup section */
		D110D8551D6AF35600E265DE /* Main.storyboard */ = {
			isa = PBXVariantGroup;
			children = (
				D110D8561D6AF35600E265DE /* Base */,
			);
			name = Main.storyboard;
			sourceTree = "<group>";
		};
		D110D85A1D6AF35600E265DE /* LaunchScreen.storyboard */ = {
			isa = PBXVariantGroup;
			children = (
				D110D85B1D6AF35600E265DE /* Base */,
			);
			name = LaunchScreen.storyboard;
			sourceTree = "<group>";
		};
/* End PBXVariantGroup section */

/* Begin XCBuildConfiguration section */
		D110D85E1D6AF35600E265DE /* Debug */ = {
			isa = XCBuildConfiguration;
			buildSettings = {
				ALWAYS_SEARCH_USER_PATHS = NO;
				CLANG_ANALYZER_NONNULL = YES;
				CLANG_CXX_LANGUAGE_STANDARD = "gnu++0x";
				CLANG_CXX_LIBRARY = "libc++";
				CLANG_ENABLE_MODULES = YES;
				CLANG_ENABLE_OBJC_ARC = YES;
				CLANG_WARN_BOOL_CONVERSION = YES;
				CLANG_WARN_CONSTANT_CONVERSION = YES;
				CLANG_WARN_DIRECT_OBJC_ISA_USAGE = YES_ERROR;
				CLANG_WARN_EMPTY_BODY = YES;
				CLANG_WARN_ENUM_CONVERSION = YES;
				CLANG_WARN_INT_CONVERSION = YES;
				CLANG_WARN_OBJC_ROOT_CLASS = YES_ERROR;
				CLANG_WARN_UNREACHABLE_CODE = YES;
				CLANG_WARN__DUPLICATE_METHOD_MATCH = YES;
				"CODE_SIGN_IDENTITY[sdk=iphoneos*]" = "iPhone Developer";
				COPY_PHASE_STRIP = NO;
				DEBUG_INFORMATION_FORMAT = dwarf;
				ENABLE_STRICT_OBJC_MSGSEND = YES;
				ENABLE_TESTABILITY = YES;
				GCC_C_LANGUAGE_STANDARD = gnu99;
				GCC_DYNAMIC_NO_PIC = NO;
				GCC_NO_COMMON_BLOCKS = YES;
				GCC_OPTIMIZATION_LEVEL = 0;
				GCC_PREPROCESSOR_DEFINITIONS = (
					"DEBUG=1",
					"$(inherited)",
				);
				GCC_WARN_64_TO_32_BIT_CONVERSION = YES;
				GCC_WARN_ABOUT_RETURN_TYPE = YES_ERROR;
				GCC_WARN_UNDECLARED_SELECTOR = YES;
				GCC_WARN_UNINITIALIZED_AUTOS = YES_AGGRESSIVE;
				GCC_WARN_UNUSED_FUNCTION = YES;
				GCC_WARN_UNUSED_VARIABLE = YES;
				IPHONEOS_DEPLOYMENT_TARGET = 9.3;
				MTL_ENABLE_DEBUG_INFO = YES;
				ONLY_ACTIVE_ARCH = YES;
				SDKROOT = iphoneos;
				TARGETED_DEVICE_FAMILY = "1,2";
			};
			name = Debug;
		};
		D110D85F1D6AF35600E265DE /* Release */ = {
			isa = XCBuildConfiguration;
			buildSettings = {
				ALWAYS_SEARCH_USER_PATHS = NO;
				CLANG_ANALYZER_NONNULL = YES;
				CLANG_CXX_LANGUAGE_STANDARD = "gnu++0x";
				CLANG_CXX_LIBRARY = "libc++";
				CLANG_ENABLE_MODULES = YES;
				CLANG_ENABLE_OBJC_ARC = YES;
				CLANG_WARN_BOOL_CONVERSION = YES;
				CLANG_WARN_CONSTANT_CONVERSION = YES;
				CLANG_WARN_DIRECT_OBJC_ISA_USAGE = YES_ERROR;
				CLANG_WARN_EMPTY_BODY = YES;
				CLANG_WARN_ENUM_CONVERSION = YES;
				CLANG_WARN_INT_CONVERSION = YES;
				CLANG_WARN_OBJC_ROOT_CLASS = YES_ERROR;
				CLANG_WARN_UNREACHABLE_CODE = YES;
				CLANG_WARN__DUPLICATE_METHOD_MATCH = YES;
				"CODE_SIGN_IDENTITY[sdk=iphoneos*]" = "iPhone Developer";
				COPY_PHASE_STRIP = NO;
				DEBUG_INFORMATION_FORMAT = "dwarf-with-dsym";
				ENABLE_NS_ASSERTIONS = NO;
				ENABLE_STRICT_OBJC_MSGSEND = YES;
				GCC_C_LANGUAGE_STANDARD = gnu99;
				GCC_NO_COMMON_BLOCKS = YES;
				GCC_WARN_64_TO_32_BIT_CONVERSION = YES;
				GCC_WARN_ABOUT_RETURN_TYPE = YES_ERROR;
				GCC_WARN_UNDECLARED_SELECTOR = YES;
				GCC_WARN_UNINITIALIZED_AUTOS = YES_AGGRESSIVE;
				GCC_WARN_UNUSED_FUNCTION = YES;
				GCC_WARN_UNUSED_VARIABLE = YES;
				IPHONEOS_DEPLOYMENT_TARGET = 9.3;
				MTL_ENABLE_DEBUG_INFO = NO;
				SDKROOT = iphoneos;
				TARGETED_DEVICE_FAMILY = "1,2";
				VALIDATE_PRODUCT = YES;
			};
			name = Release;
		};
		D110D8611D6AF35600E265DE /* Debug */ = {
			isa = XCBuildConfiguration;
			buildSettings = {
				ASSETCATALOG_COMPILER_APPICON_NAME = AppIcon;
				INFOPLIST_FILE = ZYCheckBoxDemo/Info.plist;
				LD_RUNPATH_SEARCH_PATHS = "$(inherited) @executable_path/Frameworks";
				PRODUCT_BUNDLE_IDENTIFIER = com.zy.ZYCheckBoxDemo;
				PRODUCT_NAME = "$(TARGET_NAME)";
			};
			name = Debug;
		};
		D110D8621D6AF35600E265DE /* Release */ = {
			isa = XCBuildConfiguration;
			buildSettings = {
				ASSETCATALOG_COMPILER_APPICON_NAME = AppIcon;
				INFOPLIST_FILE = ZYCheckBoxDemo/Info.plist;
				LD_RUNPATH_SEARCH_PATHS = "$(inherited) @executable_path/Frameworks";
				PRODUCT_BUNDLE_IDENTIFIER = com.zy.ZYCheckBoxDemo;
				PRODUCT_NAME = "$(TARGET_NAME)";
			};
			name = Release;
		};
/* End XCBuildConfiguration section */

/* Begin XCConfigurationList section */
		D110D8441D6AF35600E265DE /* Build configuration list for PBXProject "ZYCheckBoxDemo" */ = {
			isa = XCConfigurationList;
			buildConfigurations = (
				D110D85E1D6AF35600E265DE /* Debug */,
				D110D85F1D6AF35600E265DE /* Release */,
			);
			defaultConfigurationIsVisible = 0;
			defaultConfigurationName = Release;
		};
		D110D8601D6AF35600E265DE /* Build configuration list for PBXNativeTarget "ZYCheckBoxDemo" */ = {
			isa = XCConfigurationList;
			buildConfigurations = (
				D110D8611D6AF35600E265DE /* Debug */,
				D110D8621D6AF35600E265DE /* Release */,
			);
			defaultConfigurationIsVisible = 0;
		};
/* End XCConfigurationList section */
	};
	rootObject = D110D8411D6AF35600E265DE /* Project object */;
}
